
Microsoft Visual Studio Solution File, Format Version 12.00
# Visual Studio Version 16
VisualStudioVersion = 16.0.29709.97
MinimumVisualStudioVersion = 10.0.40219.1
Project("{FAE04EC0-301F-11D3-BF4B-00C04F79EFBC}") = "PromotionEngine.Core", "PromotionEngine.Core\PromotionEngine.Core.csproj", "{9C070BA5-624E-43CB-BF8E-9B5F33D999A8}"
EndProject
Project("{FAE04EC0-301F-11D3-BF4B-00C04F79EFBC}") = "PromotionEngine.Test", "PromotionEngine.Test\PromotionEngine.Test.csproj", "{8A0597E5-3D92-49BF-BD5E-8AB4632F873C}"
EndProject
Global
	GlobalSection(SolutionConfigurationPlatforms) = preSolution
		Debug|Any CPU = Debug|Any CPU
		Release|Any CPU = Release|Any CPU
	EndGlobalSection
	GlobalSection(ProjectConfigurationPlatforms) = postSolution
		{9C070BA5-624E-43CB-BF8E-9B5F33D999A8}.Debug|Any CPU.ActiveCfg = Debug|Any CPU
		{9C070BA5-624E-43CB-BF8E-9B5F33D999A8}.Debug|Any CPU.Build.0 = Debug|Any CPU
		{9C070BA5-624E-43CB-BF8E-9B5F33D999A8}.Release|Any CPU.ActiveCfg = Release|Any CPU
		{9C070BA5-624E-43CB-BF8E-9B5F33D999A8}.Release|Any CPU.Build.0 = Release|Any CPU
		{8A0597E5-3D92-49BF-BD5E-8AB4632F873C}.Debug|Any CPU.ActiveCfg = Debug|Any CPU
		{8A0597E5-3D92-49BF-BD5E-8AB4632F873C}.Debug|Any CPU.Build.0 = Debug|Any CPU
		{8A0597E5-3D92-49BF-BD5E-8AB4632F873C}.Release|Any CPU.ActiveCfg = Release|Any CPU
		{8A0597E5-3D92-49BF-BD5E-8AB4632F873C}.Release|Any CPU.Build.0 = Release|Any CPU
	EndGlobalSection
	GlobalSection(SolutionProperties) = preSolution
		HideSolutionNode = FALSE
	EndGlobalSection
	GlobalSection(ExtensibilityGlobals) = postSolution
		SolutionGuid = {83A1BA67-44E2-43D7-AEF6-B77BF56A40E7}
	EndGlobalSection
EndGlobal
